
Microsoft Visual Studio Solution File, Format Version 12.00
# Visual Studio 14
VisualStudioVersion = 14.0.25420.1
MinimumVisualStudioVersion = 10.0.40219.1
Project("{FAE04EC0-301F-11D3-BF4B-00C04F79EFBC}") = "PhpTravels", "PhpTravels\PhpTravels.csproj", "{8091B5F7-F15C-441C-AFF9-63BF3B0C7D55}"
EndProject
Project("{FAE04EC0-301F-11D3-BF4B-00C04F79EFBC}") = "PhpTravelsTests", "PhpTravelsTests\PhpTravelsTests.csproj", "{D9DE71A3-D46B-47B8-8605-DBBDB8D58DDB}"
EndProject
Global
	GlobalSection(SolutionConfigurationPlatforms) = preSolution
		Debug|Any CPU = Debug|Any CPU
		Release|Any CPU = Release|Any CPU
	EndGlobalSection
	GlobalSection(ProjectConfigurationPlatforms) = postSolution
		{8091B5F7-F15C-441C-AFF9-63BF3B0C7D55}.Debug|Any CPU.ActiveCfg = Debug|Any CPU
		{8091B5F7-F15C-441C-AFF9-63BF3B0C7D55}.Debug|Any CPU.Build.0 = Debug|Any CPU
		{8091B5F7-F15C-441C-AFF9-63BF3B0C7D55}.Release|Any CPU.ActiveCfg = Release|Any CPU
		{8091B5F7-F15C-441C-AFF9-63BF3B0C7D55}.Release|Any CPU.Build.0 = Release|Any CPU
		{D9DE71A3-D46B-47B8-8605-DBBDB8D58DDB}.Debug|Any CPU.ActiveCfg = Debug|Any CPU
		{D9DE71A3-D46B-47B8-8605-DBBDB8D58DDB}.Debug|Any CPU.Build.0 = Debug|Any CPU
		{D9DE71A3-D46B-47B8-8605-DBBDB8D58DDB}.Release|Any CPU.ActiveCfg = Release|Any CPU
		{D9DE71A3-D46B-47B8-8605-DBBDB8D58DDB}.Release|Any CPU.Build.0 = Release|Any CPU
	EndGlobalSection
	GlobalSection(SolutionProperties) = preSolution
		HideSolutionNode = FALSE
	EndGlobalSection
EndGlobal
